# generated by rye
# use `rye lock` or `rye sync` to update this lockfile
#
# last locked with the following flags:
#   pre: false
#   features: []
#   all-features: false
#   with-sources: false

annotated-types==0.6.0
    # via pydantic
arrow==1.3.0
asgiref==3.8.1
    # via django
    # via django-cors-headers
asttokens==2.4.1
    # via stack-data
async-timeout==4.0.3
    # via redis
certifi==2024.2.2
    # via requests
cffi==1.16.0
    # via cryptography
charset-normalizer==3.3.2
    # via requests
cryptography==42.0.7
    # via types-pyopenssl
    # via types-redis
decorator==5.1.1
    # via ipython
django==5.0.6
    # via django-cors-headers
    # via django-extensions
    # via django-ninja
    # via django-picklefield
django-constance==3.1.0
django-cors-headers==4.3.1
django-extensions==3.2.3
django-ninja==1.1.0
django-picklefield==3.2
    # via django-constance
django-print-sql==2018.3.6
exceptiongroup==1.2.1
    # via ipython
executing==2.0.1
    # via stack-data
idna==3.7
    # via requests
ipython==8.24.0
jedi==0.19.1
    # via ipython
loguru==0.7.2
markdown-it-py==3.0.0
    # via rich
matplotlib-inline==0.1.7
    # via ipython
mdurl==0.1.2
    # via markdown-it-py
mysqlclient==2.2.4
parso==0.8.4
    # via jedi
pexpect==4.9.0
    # via ipython
pick==2.3.2
prompt-toolkit==3.0.43
    # via ipython
ptyprocess==0.7.0
    # via pexpect
pure-eval==0.2.2
    # via stack-data
pycparser==2.22
    # via cffi
pydantic==2.7.1
    # via django-ninja
pydantic-core==2.18.2
    # via pydantic
pygments==2.18.0
    # via ipython
    # via rich
pyjwt==2.8.0
python-dateutil==2.9.0.post0
    # via arrow
redis==4.6.0
requests==2.31.0
rich==13.7.1
ruff==0.4.4
six==1.16.0
    # via asttokens
    # via python-dateutil
sqlparse==0.5.0
    # via django
stack-data==0.6.3
    # via ipython
traitlets==5.14.3
    # via ipython
    # via matplotlib-inline
types-cffi==1.16.0.20240331
    # via types-pyopenssl
types-pyopenssl==24.1.0.20240425
    # via types-redis
types-python-dateutil==2.9.0.20240316
    # via arrow
types-redis==4.6.0.20240425
types-setuptools==69.5.0.20240513
    # via types-cffi
typing-extensions==4.11.0
    # via asgiref
    # via ipython
    # via pydantic
    # via pydantic-core
urllib3==2.2.1
    # via requests
uv==0.1.44
uwsgi==2.0.25.1
wcwidth==0.2.13
    # via prompt-toolkit
